
Microsoft Visual Studio Solution File, Format Version 12.00
# Visual Studio Version 17
VisualStudioVersion = 17.8.34525.116
MinimumVisualStudioVersion = 10.0.40219.1
Project("{FAE04EC0-301F-11D3-BF4B-00C04F79EFBC}") = "SingularSystemsTechnicalAssessment.Server", "SingularSystemsTechnicalAssessment.Server\SingularSystemsTechnicalAssessment.Server.csproj", "{24F20B77-BC21-4DE2-BFA0-805EDD32436D}"
EndProject
Project("{54A90642-561A-4BB1-A94E-469ADEE60C69}") = "singularsystemstechnicalassessment.client", "singularsystemstechnicalassessment.client\singularsystemstechnicalassessment.client.esproj", "{BDDE4DF0-FB2C-4751-ACCC-935924A4B1EC}"
EndProject
Global
	GlobalSection(SolutionConfigurationPlatforms) = preSolution
		Debug|Any CPU = Debug|Any CPU
		Release|Any CPU = Release|Any CPU
	EndGlobalSection
	GlobalSection(ProjectConfigurationPlatforms) = postSolution
		{24F20B77-BC21-4DE2-BFA0-805EDD32436D}.Debug|Any CPU.ActiveCfg = Debug|Any CPU
		{24F20B77-BC21-4DE2-BFA0-805EDD32436D}.Debug|Any CPU.Build.0 = Debug|Any CPU
		{24F20B77-BC21-4DE2-BFA0-805EDD32436D}.Release|Any CPU.ActiveCfg = Release|Any CPU
		{24F20B77-BC21-4DE2-BFA0-805EDD32436D}.Release|Any CPU.Build.0 = Release|Any CPU
		{BDDE4DF0-FB2C-4751-ACCC-935924A4B1EC}.Debug|Any CPU.ActiveCfg = Debug|Any CPU
		{BDDE4DF0-FB2C-4751-ACCC-935924A4B1EC}.Debug|Any CPU.Build.0 = Debug|Any CPU
		{BDDE4DF0-FB2C-4751-ACCC-935924A4B1EC}.Debug|Any CPU.Deploy.0 = Debug|Any CPU
		{BDDE4DF0-FB2C-4751-ACCC-935924A4B1EC}.Release|Any CPU.ActiveCfg = Release|Any CPU
		{BDDE4DF0-FB2C-4751-ACCC-935924A4B1EC}.Release|Any CPU.Build.0 = Release|Any CPU
		{BDDE4DF0-FB2C-4751-ACCC-935924A4B1EC}.Release|Any CPU.Deploy.0 = Release|Any CPU
	EndGlobalSection
	GlobalSection(SolutionProperties) = preSolution
		HideSolutionNode = FALSE
	EndGlobalSection
	GlobalSection(ExtensibilityGlobals) = postSolution
		SolutionGuid = {94FA450A-80B8-4CAC-BF68-E1F6D87FE175}
	EndGlobalSection
EndGlobal
